
Microsoft Visual Studio Solution File, Format Version 12.00
# Visual Studio 2012
Project("{F184B08F-C81C-45F6-A57F-5ABD9991F28F}") = "HangMan", "HangMan\HangMan.vbproj", "{F8447CD2-F725-4FE0-BA63-74A00A8FA669}"
EndProject
Global
	GlobalSection(SolutionConfigurationPlatforms) = preSolution
		Debug|Any CPU = Debug|Any CPU
		Release|Any CPU = Release|Any CPU
	EndGlobalSection
	GlobalSection(ProjectConfigurationPlatforms) = postSolution
		{F8447CD2-F725-4FE0-BA63-74A00A8FA669}.Debug|Any CPU.ActiveCfg = Debug|Any CPU
		{F8447CD2-F725-4FE0-BA63-74A00A8FA669}.Debug|Any CPU.Build.0 = Debug|Any CPU
		{F8447CD2-F725-4FE0-BA63-74A00A8FA669}.Release|Any CPU.ActiveCfg = Release|Any CPU
		{F8447CD2-F725-4FE0-BA63-74A00A8FA669}.Release|Any CPU.Build.0 = Release|Any CPU
	EndGlobalSection
	GlobalSection(SolutionProperties) = preSolution
		HideSolutionNode = FALSE
	EndGlobalSection
EndGlobal
